{
  "name": "microui.c",
  "version": "2.2.0",
  "lockfileVersion": 3,
  "requires": true,
  "packages": {
    "": {
      "name": "microui.c",
      "version": "2.2.0",
      "license": "MIT",
      "devDependencies": {
        "glad.c": "^1.2025.12",
        "glfw3.c": "^3.4.3"
      }
    },
    "node_modules/glad.c": {
      "version": "1.2025.12",
      "resolved": "https://registry.npmjs.org/glad.c/-/glad.c-1.2025.12.tgz",
      "integrity": "sha512-HVYqS/ibCy9NMGF97684FYAEAmf07F9bwyJhF/hKY68wwWiXC9gfM40Dtf/PBUZcglZivSmY6fjnFCA6jQBOVw==",
      "dev": true,
      "license": "WTFPL",
      "dependencies": {
        "vulkan.c": "^1.4.0"
      }
    },
    "node_modules/glfw3.c": {
      "version": "3.4.3",
      "resolved": "https://registry.npmjs.org/glfw3.c/-/glfw3.c-3.4.3.tgz",
      "integrity": "sha512-dFx1Tdoq2gaUZDZhblSXBO1cow8CA9KtQe54gXceLDwPhI6dtwRZjFzQnxXC+TfJzmb+Q6Ukz7as4yWlnz3KXQ==",
      "dev": true,
      "license": "Zlib"
    },
    "node_modules/vulkan.c": {
      "version": "1.4.0",
      "resolved": "https://registry.npmjs.org/vulkan.c/-/vulkan.c-1.4.0.tgz",
      "integrity": "sha512-MriBur5ESMQ0PBHSGbKPGYfnMXLLsO3orEFH5peJ0BN2u7YWtONLt5EGsESr5gFsj9pZvU370oRz/mXHAcIDGg==",
      "dev": true,
      "license": "Apache-2.0"
    }
  }
}
